// !$*UTF8*$!
{
	archiveVersion = 1;
	classes = {
	};
	objectVersion = 52;
	objects = {

/* Begin PBXBuildFile section */
		104D441726C2AF3500900E73 /* Alamofire in Frameworks */ = {isa = PBXBuildFile; productRef = 104D441626C2AF3500900E73 /* Alamofire */; };
		104D441B26C2AF9D00900E73 /* SDWebImageSwiftUI in Frameworks */ = {isa = PBXBuildFile; productRef = 104D441A26C2AF9D00900E73 /* SDWebImageSwiftUI */; };
		1067C7C826C1056F00043FDB /* SwiftUIDemoApp.swift in Sources */ = {isa = PBXBuildFile; fileRef = 1067C7C726C1056F00043FDB /* SwiftUIDemoApp.swift */; };
		1067C7CA26C1056F00043FDB /* SwiftUIList.swift in Sources */ = {isa = PBXBuildFile; fileRef = 1067C7C926C1056F00043FDB /* SwiftUIList.swift */; };
		1067C7CC26C1057300043FDB /* Assets.xcassets in Resources */ = {isa = PBXBuildFile; fileRef = 1067C7CB26C1057300043FDB /* Assets.xcassets */; };
		1067C7CF26C1057400043FDB /* Preview Assets.xcassets in Resources */ = {isa = PBXBuildFile; fileRef = 1067C7CE26C1057400043FDB /* Preview Assets.xcassets */; };
		1067C7EC26C13AAA00043FDB /* Reachability-Info.plist in Resources */ = {isa = PBXBuildFile; fileRef = 1067C7E526C13AAA00043FDB /* Reachability-Info.plist */; };
		1067C7ED26C13AAA00043FDB /* Reachability.swift in Sources */ = {isa = PBXBuildFile; fileRef = 1067C7E726C13AAA00043FDB /* Reachability.swift */; };
		1067C7EE26C13AAA00043FDB /* APIConstants.swift in Sources */ = {isa = PBXBuildFile; fileRef = 1067C7E926C13AAA00043FDB /* APIConstants.swift */; };
		1067C7EF26C13AAA00043FDB /* WebServiceConfig.swift in Sources */ = {isa = PBXBuildFile; fileRef = 1067C7EA26C13AAA00043FDB /* WebServiceConfig.swift */; };
		1067C7F026C13AAA00043FDB /* WSHandler.swift in Sources */ = {isa = PBXBuildFile; fileRef = 1067C7EB26C13AAA00043FDB /* WSHandler.swift */; };
		1067C7F426C13ACE00043FDB /* Extensions + Functions.swift in Sources */ = {isa = PBXBuildFile; fileRef = 1067C7F326C13ACE00043FDB /* Extensions + Functions.swift */; };
		1067C7F926C13AF900043FDB /* SwiftUIModel.swift in Sources */ = {isa = PBXBuildFile; fileRef = 1067C7F726C13AF900043FDB /* SwiftUIModel.swift */; };
		1067C7FA26C13AF900043FDB /* SwiftUIWebService.swift in Sources */ = {isa = PBXBuildFile; fileRef = 1067C7F826C13AF900043FDB /* SwiftUIWebService.swift */; };
		106C166526C39467009F356C /* FlowerList.json in Resources */ = {isa = PBXBuildFile; fileRef = 106C166426C39466009F356C /* FlowerList.json */; };
		106C166A26C39D2C009F356C /* SwiftUILazyGrid.swift in Sources */ = {isa = PBXBuildFile; fileRef = 106C166926C39D2C009F356C /* SwiftUILazyGrid.swift */; };
		106C166D26C3AB07009F356C /* SwiftUIJsonModel.swift in Sources */ = {isa = PBXBuildFile; fileRef = 106C166C26C3AB07009F356C /* SwiftUIJsonModel.swift */; };
		1083BAB726C25AE700F12274 /* SwiftUIText.swift in Sources */ = {isa = PBXBuildFile; fileRef = 1083BAB626C25AE700F12274 /* SwiftUIText.swift */; };
		1092F08526C4026700227137 /* ContentView.swift in Sources */ = {isa = PBXBuildFile; fileRef = 1092F08426C4026700227137 /* ContentView.swift */; };
/* End PBXBuildFile section */

/* Begin PBXFileReference section */
		1067C7C426C1056F00043FDB /* SwiftUIDemo.app */ = {isa = PBXFileReference; explicitFileType = wrapper.application; includeInIndex = 0; path = SwiftUIDemo.app; sourceTree = BUILT_PRODUCTS_DIR; };
		1067C7C726C1056F00043FDB /* SwiftUIDemoApp.swift */ = {isa = PBXFileReference; lastKnownFileType = sourcecode.swift; path = SwiftUIDemoApp.swift; sourceTree = "<group>"; };
		1067C7C926C1056F00043FDB /* SwiftUIList.swift */ = {isa = PBXFileReference; lastKnownFileType = sourcecode.swift; lineEnding = 0; path = SwiftUIList.swift; sourceTree = "<group>"; usesTabs = 0; wrapsLines = 0; };
		1067C7CB26C1057300043FDB /* Assets.xcassets */ = {isa = PBXFileReference; lastKnownFileType = folder.assetcatalog; path = Assets.xcassets; sourceTree = "<group>"; };
		1067C7CE26C1057400043FDB /* Preview Assets.xcassets */ = {isa = PBXFileReference; lastKnownFileType = folder.assetcatalog; path = "Preview Assets.xcassets"; sourceTree = "<group>"; };
		1067C7D026C1057400043FDB /* Info.plist */ = {isa = PBXFileReference; lastKnownFileType = text.plist.xml; path = Info.plist; sourceTree = "<group>"; };
		1067C7E526C13AAA00043FDB /* Reachability-Info.plist */ = {isa = PBXFileReference; fileEncoding = 4; lastKnownFileType = text.plist.xml; path = "Reachability-Info.plist"; sourceTree = "<group>"; };
		1067C7E626C13AAA00043FDB /* Reachability.h */ = {isa = PBXFileReference; fileEncoding = 4; lastKnownFileType = sourcecode.c.h; path = Reachability.h; sourceTree = "<group>"; };
		1067C7E726C13AAA00043FDB /* Reachability.swift */ = {isa = PBXFileReference; fileEncoding = 4; lastKnownFileType = sourcecode.swift; path = Reachability.swift; sourceTree = "<group>"; };
		1067C7E926C13AAA00043FDB /* APIConstants.swift */ = {isa = PBXFileReference; fileEncoding = 4; lastKnownFileType = sourcecode.swift; path = APIConstants.swift; sourceTree = "<group>"; };
		1067C7EA26C13AAA00043FDB /* WebServiceConfig.swift */ = {isa = PBXFileReference; fileEncoding = 4; lastKnownFileType = sourcecode.swift; path = WebServiceConfig.swift; sourceTree = "<group>"; };
		1067C7EB26C13AAA00043FDB /* WSHandler.swift */ = {isa = PBXFileReference; fileEncoding = 4; lastKnownFileType = sourcecode.swift; path = WSHandler.swift; sourceTree = "<group>"; };
		1067C7F326C13ACE00043FDB /* Extensions + Functions.swift */ = {isa = PBXFileReference; fileEncoding = 4; lastKnownFileType = sourcecode.swift; path = "Extensions + Functions.swift"; sourceTree = "<group>"; };
		1067C7F726C13AF900043FDB /* SwiftUIModel.swift */ = {isa = PBXFileReference; fileEncoding = 4; lastKnownFileType = sourcecode.swift; path = SwiftUIModel.swift; sourceTree = "<group>"; };
		1067C7F826C13AF900043FDB /* SwiftUIWebService.swift */ = {isa = PBXFileReference; fileEncoding = 4; lastKnownFileType = sourcecode.swift; path = SwiftUIWebService.swift; sourceTree = "<group>"; };
		106C166426C39466009F356C /* FlowerList.json */ = {isa = PBXFileReference; fileEncoding = 4; lastKnownFileType = text.json; path = FlowerList.json; sourceTree = "<group>"; };
		106C166926C39D2C009F356C /* SwiftUILazyGrid.swift */ = {isa = PBXFileReference; lastKnownFileType = sourcecode.swift; path = SwiftUILazyGrid.swift; sourceTree = "<group>"; };
		106C166C26C3AB07009F356C /* SwiftUIJsonModel.swift */ = {isa = PBXFileReference; lastKnownFileType = sourcecode.swift; path = SwiftUIJsonModel.swift; sourceTree = "<group>"; };
		1083BAB626C25AE700F12274 /* SwiftUIText.swift */ = {isa = PBXFileReference; lastKnownFileType = sourcecode.swift; path = SwiftUIText.swift; sourceTree = "<group>"; };
		1092F08426C4026700227137 /* ContentView.swift */ = {isa = PBXFileReference; lastKnownFileType = sourcecode.swift; path = ContentView.swift; sourceTree = "<group>"; };
/* End PBXFileReference section */

/* Begin PBXFrameworksBuildPhase section */
		1067C7C126C1056F00043FDB /* Frameworks */ = {
			isa = PBXFrameworksBuildPhase;
			buildActionMask = 2147483647;
			files = (
				104D441B26C2AF9D00900E73 /* SDWebImageSwiftUI in Frameworks */,
				104D441726C2AF3500900E73 /* Alamofire in Frameworks */,
			);
			runOnlyForDeploymentPostprocessing = 0;
		};
/* End PBXFrameworksBuildPhase section */

/* Begin PBXGroup section */
		104D442326C2B75A00900E73 /* 3.0 SwiftUILazyGrid */ = {
			isa = PBXGroup;
			children = (
				106C166926C39D2C009F356C /* SwiftUILazyGrid.swift */,
				106C166C26C3AB07009F356C /* SwiftUIJsonModel.swift */,
			);
			path = "3.0 SwiftUILazyGrid";
			sourceTree = "<group>";
		};
		1067C7BB26C1056F00043FDB = {
			isa = PBXGroup;
			children = (
				1067C7C626C1056F00043FDB /* SwiftUIDemo */,
				1067C7C526C1056F00043FDB /* Products */,
			);
			sourceTree = "<group>";
		};
		1067C7C526C1056F00043FDB /* Products */ = {
			isa = PBXGroup;
			children = (
				1067C7C426C1056F00043FDB /* SwiftUIDemo.app */,
			);
			name = Products;
			sourceTree = "<group>";
		};
		1067C7C626C1056F00043FDB /* SwiftUIDemo */ = {
			isa = PBXGroup;
			children = (
				1083BAB326C2580C00F12274 /* ContentViews */,
				1067C7C726C1056F00043FDB /* SwiftUIDemoApp.swift */,
				1067C7CB26C1057300043FDB /* Assets.xcassets */,
				1067C7D026C1057400043FDB /* Info.plist */,
				106C166426C39466009F356C /* FlowerList.json */,
				1067C7F226C13ACE00043FDB /* SwiftHelper */,
				1067C7E326C13AAA00043FDB /* WebConnection */,
				1067C7CD26C1057400043FDB /* Preview Content */,
			);
			path = SwiftUIDemo;
			sourceTree = "<group>";
		};
		1067C7CD26C1057400043FDB /* Preview Content */ = {
			isa = PBXGroup;
			children = (
				1067C7CE26C1057400043FDB /* Preview Assets.xcassets */,
			);
			path = "Preview Content";
			sourceTree = "<group>";
		};
		1067C7E326C13AAA00043FDB /* WebConnection */ = {
			isa = PBXGroup;
			children = (
				1067C7E426C13AAA00043FDB /* Reachability */,
				1067C7E826C13AAA00043FDB /* WebServiceHandler */,
			);
			path = WebConnection;
			sourceTree = "<group>";
		};
		1067C7E426C13AAA00043FDB /* Reachability */ = {
			isa = PBXGroup;
			children = (
				1067C7E526C13AAA00043FDB /* Reachability-Info.plist */,
				1067C7E626C13AAA00043FDB /* Reachability.h */,
				1067C7E726C13AAA00043FDB /* Reachability.swift */,
			);
			path = Reachability;
			sourceTree = "<group>";
		};
		1067C7E826C13AAA00043FDB /* WebServiceHandler */ = {
			isa = PBXGroup;
			children = (
				1067C7E926C13AAA00043FDB /* APIConstants.swift */,
				1067C7EA26C13AAA00043FDB /* WebServiceConfig.swift */,
				1067C7EB26C13AAA00043FDB /* WSHandler.swift */,
			);
			path = WebServiceHandler;
			sourceTree = "<group>";
		};
		1067C7F226C13ACE00043FDB /* SwiftHelper */ = {
			isa = PBXGroup;
			children = (
				1067C7F326C13ACE00043FDB /* Extensions + Functions.swift */,
			);
			path = SwiftHelper;
			sourceTree = "<group>";
		};
		1067C7F626C13AF900043FDB /* Model */ = {
			isa = PBXGroup;
			children = (
				1067C7F726C13AF900043FDB /* SwiftUIModel.swift */,
				1067C7F826C13AF900043FDB /* SwiftUIWebService.swift */,
			);
			path = Model;
			sourceTree = "<group>";
		};
		1083BAB326C2580C00F12274 /* ContentViews */ = {
			isa = PBXGroup;
			children = (
				104D442326C2B75A00900E73 /* 3.0 SwiftUILazyGrid */,
				1083BAB526C2584400F12274 /* 2.0 SwiftUIText */,
				1083BAB426C2582800F12274 /* 1.0 SwiftUIList */,
				1092F08426C4026700227137 /* ContentView.swift */,
			);
			path = ContentViews;
			sourceTree = "<group>";
		};
		1083BAB426C2582800F12274 /* 1.0 SwiftUIList */ = {
			isa = PBXGroup;
			children = (
				1067C7F626C13AF900043FDB /* Model */,
				1067C7C926C1056F00043FDB /* SwiftUIList.swift */,
			);
			path = "1.0 SwiftUIList";
			sourceTree = "<group>";
		};
		1083BAB526C2584400F12274 /* 2.0 SwiftUIText */ = {
			isa = PBXGroup;
			children = (
				1083BAB626C25AE700F12274 /* SwiftUIText.swift */,
			);
			path = "2.0 SwiftUIText";
			sourceTree = "<group>";
		};
/* End PBXGroup section */

/* Begin PBXNativeTarget section */
		1067C7C326C1056F00043FDB /* SwiftUIDemo */ = {
			isa = PBXNativeTarget;
			buildConfigurationList = 1067C7D326C1057400043FDB /* Build configuration list for PBXNativeTarget "SwiftUIDemo" */;
			buildPhases = (
				1067C7C026C1056F00043FDB /* Sources */,
				1067C7C126C1056F00043FDB /* Frameworks */,
				1067C7C226C1056F00043FDB /* Resources */,
			);
			buildRules = (
			);
			dependencies = (
			);
			name = SwiftUIDemo;
			packageProductDependencies = (
				104D441626C2AF3500900E73 /* Alamofire */,
				104D441A26C2AF9D00900E73 /* SDWebImageSwiftUI */,
			);
			productName = SwiftUIDemo;
			productReference = 1067C7C426C1056F00043FDB /* SwiftUIDemo.app */;
			productType = "com.apple.product-type.application";
		};
/* End PBXNativeTarget section */

/* Begin PBXProject section */
		1067C7BC26C1056F00043FDB /* Project object */ = {
			isa = PBXProject;
			attributes = {
				LastSwiftUpdateCheck = 1200;
				LastUpgradeCheck = 1200;
				TargetAttributes = {
					1067C7C326C1056F00043FDB = {
						CreatedOnToolsVersion = 12.0;
					};
				};
			};
			buildConfigurationList = 1067C7BF26C1056F00043FDB /* Build configuration list for PBXProject "SwiftUIDemo" */;
			compatibilityVersion = "Xcode 9.3";
			developmentRegion = en;
			hasScannedForEncodings = 0;
			knownRegions = (
				en,
				Base,
			);
			mainGroup = 1067C7BB26C1056F00043FDB;
			packageReferences = (
				104D441526C2AF3500900E73 /* XCRemoteSwiftPackageReference "Alamofire" */,
				104D441926C2AF9D00900E73 /* XCRemoteSwiftPackageReference "SDWebImageSwiftUI" */,
			);
			productRefGroup = 1067C7C526C1056F00043FDB /* Products */;
			projectDirPath = "";
			projectRoot = "";
			targets = (
				1067C7C326C1056F00043FDB /* SwiftUIDemo */,
			);
		};
/* End PBXProject section */

/* Begin PBXResourcesBuildPhase section */
		1067C7C226C1056F00043FDB /* Resources */ = {
			isa = PBXResourcesBuildPhase;
			buildActionMask = 2147483647;
			files = (
				1067C7CF26C1057400043FDB /* Preview Assets.xcassets in Resources */,
				106C166526C39467009F356C /* FlowerList.json in Resources */,
				1067C7CC26C1057300043FDB /* Assets.xcassets in Resources */,
				1067C7EC26C13AAA00043FDB /* Reachability-Info.plist in Resources */,
			);
			runOnlyForDeploymentPostprocessing = 0;
		};
/* End PBXResourcesBuildPhase section */

/* Begin PBXSourcesBuildPhase section */
		1067C7C026C1056F00043FDB /* Sources */ = {
			isa = PBXSourcesBuildPhase;
			buildActionMask = 2147483647;
			files = (
				1067C7EF26C13AAA00043FDB /* WebServiceConfig.swift in Sources */,
				1067C7CA26C1056F00043FDB /* SwiftUIList.swift in Sources */,
				1067C7EE26C13AAA00043FDB /* APIConstants.swift in Sources */,
				106C166D26C3AB07009F356C /* SwiftUIJsonModel.swift in Sources */,
				1067C7FA26C13AF900043FDB /* SwiftUIWebService.swift in Sources */,
				1067C7F426C13ACE00043FDB /* Extensions + Functions.swift in Sources */,
				1067C7F026C13AAA00043FDB /* WSHandler.swift in Sources */,
				1067C7F926C13AF900043FDB /* SwiftUIModel.swift in Sources */,
				1067C7ED26C13AAA00043FDB /* Reachability.swift in Sources */,
				1067C7C826C1056F00043FDB /* SwiftUIDemoApp.swift in Sources */,
				1092F08526C4026700227137 /* ContentView.swift in Sources */,
				1083BAB726C25AE700F12274 /* SwiftUIText.swift in Sources */,
				106C166A26C39D2C009F356C /* SwiftUILazyGrid.swift in Sources */,
			);
			runOnlyForDeploymentPostprocessing = 0;
		};
/* End PBXSourcesBuildPhase section */

/* Begin XCBuildConfiguration section */
		1067C7D126C1057400043FDB /* Debug */ = {
			isa = XCBuildConfiguration;
			buildSettings = {
				ALWAYS_SEARCH_USER_PATHS = NO;
				CLANG_ANALYZER_NONNULL = YES;
				CLANG_ANALYZER_NUMBER_OBJECT_CONVERSION = YES_AGGRESSIVE;
				CLANG_CXX_LANGUAGE_STANDARD = "gnu++14";
				CLANG_CXX_LIBRARY = "libc++";
				CLANG_ENABLE_MODULES = YES;
				CLANG_ENABLE_OBJC_ARC = YES;
				CLANG_ENABLE_OBJC_WEAK = YES;
				CLANG_WARN_BLOCK_CAPTURE_AUTORELEASING = YES;
				CLANG_WARN_BOOL_CONVERSION = YES;
				CLANG_WARN_COMMA = YES;
				CLANG_WARN_CONSTANT_CONVERSION = YES;
				CLANG_WARN_DEPRECATED_OBJC_IMPLEMENTATIONS = YES;
				CLANG_WARN_DIRECT_OBJC_ISA_USAGE = YES_ERROR;
				CLANG_WARN_DOCUMENTATION_COMMENTS = YES;
				CLANG_WARN_EMPTY_BODY = YES;
				CLANG_WARN_ENUM_CONVERSION = YES;
				CLANG_WARN_INFINITE_RECURSION = YES;
				CLANG_WARN_INT_CONVERSION = YES;
				CLANG_WARN_NON_LITERAL_NULL_CONVERSION = YES;
				CLANG_WARN_OBJC_IMPLICIT_RETAIN_SELF = YES;
				CLANG_WARN_OBJC_LITERAL_CONVERSION = YES;
				CLANG_WARN_OBJC_ROOT_CLASS = YES_ERROR;
				CLANG_WARN_QUOTED_INCLUDE_IN_FRAMEWORK_HEADER = YES;
				CLANG_WARN_RANGE_LOOP_ANALYSIS = YES;
				CLANG_WARN_STRICT_PROTOTYPES = YES;
				CLANG_WARN_SUSPICIOUS_MOVE = YES;
				CLANG_WARN_UNGUARDED_AVAILABILITY = YES_AGGRESSIVE;
				CLANG_WARN_UNREACHABLE_CODE = YES;
				CLANG_WARN__DUPLICATE_METHOD_MATCH = YES;
				COPY_PHASE_STRIP = NO;
				DEBUG_INFORMATION_FORMAT = dwarf;
				ENABLE_STRICT_OBJC_MSGSEND = YES;
				ENABLE_TESTABILITY = YES;
				GCC_C_LANGUAGE_STANDARD = gnu11;
				GCC_DYNAMIC_NO_PIC = NO;
				GCC_NO_COMMON_BLOCKS = YES;
				GCC_OPTIMIZATION_LEVEL = 0;
				GCC_PREPROCESSOR_DEFINITIONS = (
					"DEBUG=1",
					"$(inherited)",
				);
				GCC_WARN_64_TO_32_BIT_CONVERSION = YES;
				GCC_WARN_ABOUT_RETURN_TYPE = YES_ERROR;
				GCC_WARN_UNDECLARED_SELECTOR = YES;
				GCC_WARN_UNINITIALIZED_AUTOS = YES_AGGRESSIVE;
				GCC_WARN_UNUSED_FUNCTION = YES;
				GCC_WARN_UNUSED_VARIABLE = YES;
				IPHONEOS_DEPLOYMENT_TARGET = 14.0;
				MTL_ENABLE_DEBUG_INFO = INCLUDE_SOURCE;
				MTL_FAST_MATH = YES;
				ONLY_ACTIVE_ARCH = YES;
				SDKROOT = iphoneos;
				SWIFT_ACTIVE_COMPILATION_CONDITIONS = DEBUG;
				SWIFT_OPTIMIZATION_LEVEL = "-Onone";
			};
			name = Debug;
		};
		1067C7D226C1057400043FDB /* Release */ = {
			isa = XCBuildConfiguration;
			buildSettings = {
				ALWAYS_SEARCH_USER_PATHS = NO;
				CLANG_ANALYZER_NONNULL = YES;
				CLANG_ANALYZER_NUMBER_OBJECT_CONVERSION = YES_AGGRESSIVE;
				CLANG_CXX_LANGUAGE_STANDARD = "gnu++14";
				CLANG_CXX_LIBRARY = "libc++";
				CLANG_ENABLE_MODULES = YES;
				CLANG_ENABLE_OBJC_ARC = YES;
				CLANG_ENABLE_OBJC_WEAK = YES;
				CLANG_WARN_BLOCK_CAPTURE_AUTORELEASING = YES;
				CLANG_WARN_BOOL_CONVERSION = YES;
				CLANG_WARN_COMMA = YES;
				CLANG_WARN_CONSTANT_CONVERSION = YES;
				CLANG_WARN_DEPRECATED_OBJC_IMPLEMENTATIONS = YES;
				CLANG_WARN_DIRECT_OBJC_ISA_USAGE = YES_ERROR;
				CLANG_WARN_DOCUMENTATION_COMMENTS = YES;
				CLANG_WARN_EMPTY_BODY = YES;
				CLANG_WARN_ENUM_CONVERSION = YES;
				CLANG_WARN_INFINITE_RECURSION = YES;
				CLANG_WARN_INT_CONVERSION = YES;
				CLANG_WARN_NON_LITERAL_NULL_CONVERSION = YES;
				CLANG_WARN_OBJC_IMPLICIT_RETAIN_SELF = YES;
				CLANG_WARN_OBJC_LITERAL_CONVERSION = YES;
				CLANG_WARN_OBJC_ROOT_CLASS = YES_ERROR;
				CLANG_WARN_QUOTED_INCLUDE_IN_FRAMEWORK_HEADER = YES;
				CLANG_WARN_RANGE_LOOP_ANALYSIS = YES;
				CLANG_WARN_STRICT_PROTOTYPES = YES;
				CLANG_WARN_SUSPICIOUS_MOVE = YES;
				CLANG_WARN_UNGUARDED_AVAILABILITY = YES_AGGRESSIVE;
				CLANG_WARN_UNREACHABLE_CODE = YES;
				CLANG_WARN__DUPLICATE_METHOD_MATCH = YES;
				COPY_PHASE_STRIP = NO;
				DEBUG_INFORMATION_FORMAT = "dwarf-with-dsym";
				ENABLE_NS_ASSERTIONS = NO;
				ENABLE_STRICT_OBJC_MSGSEND = YES;
				GCC_C_LANGUAGE_STANDARD = gnu11;
				GCC_NO_COMMON_BLOCKS = YES;
				GCC_WARN_64_TO_32_BIT_CONVERSION = YES;
				GCC_WARN_ABOUT_RETURN_TYPE = YES_ERROR;
				GCC_WARN_UNDECLARED_SELECTOR = YES;
				GCC_WARN_UNINITIALIZED_AUTOS = YES_AGGRESSIVE;
				GCC_WARN_UNUSED_FUNCTION = YES;
				GCC_WARN_UNUSED_VARIABLE = YES;
				IPHONEOS_DEPLOYMENT_TARGET = 14.0;
				MTL_ENABLE_DEBUG_INFO = NO;
				MTL_FAST_MATH = YES;
				SDKROOT = iphoneos;
				SWIFT_COMPILATION_MODE = wholemodule;
				SWIFT_OPTIMIZATION_LEVEL = "-O";
				VALIDATE_PRODUCT = YES;
			};
			name = Release;
		};
		1067C7D426C1057400043FDB /* Debug */ = {
			isa = XCBuildConfiguration;
			buildSettings = {
				ASSETCATALOG_COMPILER_APPICON_NAME = AppIcon;
				ASSETCATALOG_COMPILER_GLOBAL_ACCENT_COLOR_NAME = AccentColor;
				CODE_SIGN_STYLE = Automatic;
				DEVELOPMENT_ASSET_PATHS = "\"SwiftUIDemo/Preview Content\"";
				ENABLE_PREVIEWS = YES;
				INFOPLIST_FILE = SwiftUIDemo/Info.plist;
				IPHONEOS_DEPLOYMENT_TARGET = 14.0;
				LD_RUNPATH_SEARCH_PATHS = (
					"$(inherited)",
					"@executable_path/Frameworks",
				);
				PRODUCT_BUNDLE_IDENTIFIER = "Ravi-Patel.SwiftUIDemo";
				PRODUCT_NAME = "$(TARGET_NAME)";
				SWIFT_VERSION = 5.0;
				TARGETED_DEVICE_FAMILY = "1,2";
			};
			name = Debug;
		};
		1067C7D526C1057400043FDB /* Release */ = {
			isa = XCBuildConfiguration;
			buildSettings = {
				ASSETCATALOG_COMPILER_APPICON_NAME = AppIcon;
				ASSETCATALOG_COMPILER_GLOBAL_ACCENT_COLOR_NAME = AccentColor;
				CODE_SIGN_STYLE = Automatic;
				DEVELOPMENT_ASSET_PATHS = "\"SwiftUIDemo/Preview Content\"";
				ENABLE_PREVIEWS = YES;
				INFOPLIST_FILE = SwiftUIDemo/Info.plist;
				IPHONEOS_DEPLOYMENT_TARGET = 14.0;
				LD_RUNPATH_SEARCH_PATHS = (
					"$(inherited)",
					"@executable_path/Frameworks",
				);
				PRODUCT_BUNDLE_IDENTIFIER = "Ravi-Patel.SwiftUIDemo";
				PRODUCT_NAME = "$(TARGET_NAME)";
				SWIFT_VERSION = 5.0;
				TARGETED_DEVICE_FAMILY = "1,2";
			};
			name = Release;
		};
/* End XCBuildConfiguration section */

/* Begin XCConfigurationList section */
		1067C7BF26C1056F00043FDB /* Build configuration list for PBXProject "SwiftUIDemo" */ = {
			isa = XCConfigurationList;
			buildConfigurations = (
				1067C7D126C1057400043FDB /* Debug */,
				1067C7D226C1057400043FDB /* Release */,
			);
			defaultConfigurationIsVisible = 0;
			defaultConfigurationName = Release;
		};
		1067C7D326C1057400043FDB /* Build configuration list for PBXNativeTarget "SwiftUIDemo" */ = {
			isa = XCConfigurationList;
			buildConfigurations = (
				1067C7D426C1057400043FDB /* Debug */,
				1067C7D526C1057400043FDB /* Release */,
			);
			defaultConfigurationIsVisible = 0;
			defaultConfigurationName = Release;
		};
/* End XCConfigurationList section */

/* Begin XCRemoteSwiftPackageReference section */
		104D441526C2AF3500900E73 /* XCRemoteSwiftPackageReference "Alamofire" */ = {
			isa = XCRemoteSwiftPackageReference;
			repositoryURL = "https://github.com/Alamofire/Alamofire.git";
			requirement = {
				kind = upToNextMajorVersion;
				minimumVersion = 5.4.3;
			};
		};
		104D441926C2AF9D00900E73 /* XCRemoteSwiftPackageReference "SDWebImageSwiftUI" */ = {
			isa = XCRemoteSwiftPackageReference;
			repositoryURL = "https://github.com/SDWebImage/SDWebImageSwiftUI.git";
			requirement = {
				kind = upToNextMajorVersion;
				minimumVersion = 2.0.2;
			};
		};
/* End XCRemoteSwiftPackageReference section */

/* Begin XCSwiftPackageProductDependency section */
		104D441626C2AF3500900E73 /* Alamofire */ = {
			isa = XCSwiftPackageProductDependency;
			package = 104D441526C2AF3500900E73 /* XCRemoteSwiftPackageReference "Alamofire" */;
			productName = Alamofire;
		};
		104D441A26C2AF9D00900E73 /* SDWebImageSwiftUI */ = {
			isa = XCSwiftPackageProductDependency;
			package = 104D441926C2AF9D00900E73 /* XCRemoteSwiftPackageReference "SDWebImageSwiftUI" */;
			productName = SDWebImageSwiftUI;
		};
/* End XCSwiftPackageProductDependency section */
	};
	rootObject = 1067C7BC26C1056F00043FDB /* Project object */;
}
